// !$*UTF8*$!
{
	archiveVersion = 1;
	classes = {
	};
	objectVersion = 55;
	objects = {

/* Begin PBXBuildFile section */
		6D13E41D27EC6E6300577DCD /* AccountType.swift in Sources */ = {isa = PBXBuildFile; fileRef = 6D13E41C27EC6E6300577DCD /* AccountType.swift */; };
		6D20375F27E918FE00377838 /* SplashView.swift in Sources */ = {isa = PBXBuildFile; fileRef = 6D20375E27E918FE00377838 /* SplashView.swift */; };
		6D20376327E9317400377838 /* SplashViewModel.swift in Sources */ = {isa = PBXBuildFile; fileRef = 6D20376227E9317400377838 /* SplashViewModel.swift */; };
		6D20376527E931BE00377838 /* SplashUIState.swift in Sources */ = {isa = PBXBuildFile; fileRef = 6D20376427E931BE00377838 /* SplashUIState.swift */; };
		6D20376927E958A200377838 /* SplashViewRouter.swift in Sources */ = {isa = PBXBuildFile; fileRef = 6D20376827E958A200377838 /* SplashViewRouter.swift */; };
		6D20376F27E96A4B00377838 /* SignUpView.swift in Sources */ = {isa = PBXBuildFile; fileRef = 6D20376E27E96A4B00377838 /* SignUpView.swift */; };
		6D20377327E96A7100377838 /* SignUpViewModel.swift in Sources */ = {isa = PBXBuildFile; fileRef = 6D20377227E96A7100377838 /* SignUpViewModel.swift */; };
		6D20377627E96B3600377838 /* SignUpViewRouter.swift in Sources */ = {isa = PBXBuildFile; fileRef = 6D20377527E96B3600377838 /* SignUpViewRouter.swift */; };
		6D285A7C27E80AB900FAED39 /* Localizable.strings in Resources */ = {isa = PBXBuildFile; fileRef = 6D285A7B27E80AB900FAED39 /* Localizable.strings */; };
		6D285A7E27E80B1200FAED39 /* R.generated.swift in Sources */ = {isa = PBXBuildFile; fileRef = 6D285A7D27E80B1200FAED39 /* R.generated.swift */; };
		6D30C48F2818A29000A099E2 /* NetworkResult.swift in Sources */ = {isa = PBXBuildFile; fileRef = 6D30C48E2818A29000A099E2 /* NetworkResult.swift */; };
		6D30C4922818C78600A099E2 /* IbgeService.swift in Sources */ = {isa = PBXBuildFile; fileRef = 6D30C4912818C78600A099E2 /* IbgeService.swift */; };
		6D30C4952818C90100A099E2 /* IbgeServiceEndpoint.swift in Sources */ = {isa = PBXBuildFile; fileRef = 6D30C4942818C90100A099E2 /* IbgeServiceEndpoint.swift */; };
		6D39C4E627EA9B1F00CF69C0 /* InputFieldView.swift in Sources */ = {isa = PBXBuildFile; fileRef = 6D39C4E527EA9B1F00CF69C0 /* InputFieldView.swift */; };
		6D39C4E827EA9BC800CF69C0 /* InputFieldViewData.swift in Sources */ = {isa = PBXBuildFile; fileRef = 6D39C4E727EA9BC800CF69C0 /* InputFieldViewData.swift */; };
		6D39C4EA27EA9E2800CF69C0 /* CustomInputFieldStyle.swift in Sources */ = {isa = PBXBuildFile; fileRef = 6D39C4E927EA9E2800CF69C0 /* CustomInputFieldStyle.swift */; };
		6D3C6B5427EE715500F8F433 /* SignUpRequest.swift in Sources */ = {isa = PBXBuildFile; fileRef = 6D3C6B5327EE715500F8F433 /* SignUpRequest.swift */; };
		6D4937FF27ED5977002AA2F7 /* UIState.swift in Sources */ = {isa = PBXBuildFile; fileRef = 6D4937FE27ED5977002AA2F7 /* UIState.swift */; };
		6D69FDA22819F516003D2BDB /* IbgeState.swift in Sources */ = {isa = PBXBuildFile; fileRef = 6D69FDA12819F516003D2BDB /* IbgeState.swift */; };
		6D6AD72427EFEA550041A9F1 /* SignInView.swift in Sources */ = {isa = PBXBuildFile; fileRef = 6D6AD72327EFEA550041A9F1 /* SignInView.swift */; };
		6D6AD72727EFEA650041A9F1 /* SignInViewModel.swift in Sources */ = {isa = PBXBuildFile; fileRef = 6D6AD72627EFEA650041A9F1 /* SignInViewModel.swift */; };
		6D74BFBF280E380A00725883 /* GoogleService-Info.plist in Resources */ = {isa = PBXBuildFile; fileRef = 6D74BFBE280E380A00725883 /* GoogleService-Info.plist */; };
		6D74BFC8280E492400725883 /* SignUpRemoteDataSource.swift in Sources */ = {isa = PBXBuildFile; fileRef = 6D74BFC7280E492400725883 /* SignUpRemoteDataSource.swift */; };
		6D74BFCB280E49CF00725883 /* FirebaseService.swift in Sources */ = {isa = PBXBuildFile; fileRef = 6D74BFCA280E49CF00725883 /* FirebaseService.swift */; };
		6D74BFD2280E4C2B00725883 /* Network.swift in Sources */ = {isa = PBXBuildFile; fileRef = 6D74BFD1280E4C2B00725883 /* Network.swift */; };
		6D74BFD5280E4CBE00725883 /* ContentType.swift in Sources */ = {isa = PBXBuildFile; fileRef = 6D74BFD4280E4CBE00725883 /* ContentType.swift */; };
		6D74BFDD280E4D8100725883 /* HttpMethod.swift in Sources */ = {isa = PBXBuildFile; fileRef = 6D74BFDC280E4D8100725883 /* HttpMethod.swift */; };
		6D74BFE0280E4D9700725883 /* NetworkError.swift in Sources */ = {isa = PBXBuildFile; fileRef = 6D74BFDF280E4D9700725883 /* NetworkError.swift */; };
		6D74BFE5280EFC3200725883 /* UserMicroservice.swift in Sources */ = {isa = PBXBuildFile; fileRef = 6D74BFE4280EFC3200725883 /* UserMicroservice.swift */; };
		6D79D50627ED22BE00F9E961 /* LoadingButtonView.swift in Sources */ = {isa = PBXBuildFile; fileRef = 6D79D50527ED22BE00F9E961 /* LoadingButtonView.swift */; };
		6D79D50827ED22D500F9E961 /* LoadingButtonViewData.swift in Sources */ = {isa = PBXBuildFile; fileRef = 6D79D50727ED22D500F9E961 /* LoadingButtonViewData.swift */; };
		6D7EC52F280F98580034C58D /* UserMicroserviceEndpoint.swift in Sources */ = {isa = PBXBuildFile; fileRef = 6D7EC52E280F98580034C58D /* UserMicroserviceEndpoint.swift */; };
		6D7EC537280FA16E0034C58D /* SignUpInteractor.swift in Sources */ = {isa = PBXBuildFile; fileRef = 6D7EC536280FA16E0034C58D /* SignUpInteractor.swift */; };
		6D857A0F28107CC4007D51CD /* SignInViewRouter.swift in Sources */ = {isa = PBXBuildFile; fileRef = 6D857A0E28107CC4007D51CD /* SignInViewRouter.swift */; };
		6D857A1328107EE1007D51CD /* SignInRemoteDataSource.swift in Sources */ = {isa = PBXBuildFile; fileRef = 6D857A1228107EE1007D51CD /* SignInRemoteDataSource.swift */; };
		6D857A1728107F75007D51CD /* SignInRequest.swift in Sources */ = {isa = PBXBuildFile; fileRef = 6D857A1628107F75007D51CD /* SignInRequest.swift */; };
		6D857A1F2810A02D007D51CD /* MainView.swift in Sources */ = {isa = PBXBuildFile; fileRef = 6D857A1E2810A02D007D51CD /* MainView.swift */; };
		6D857A212810A2E1007D51CD /* SignInInteractor.swift in Sources */ = {isa = PBXBuildFile; fileRef = 6D857A202810A2E1007D51CD /* SignInInteractor.swift */; };
		6D857A242810B590007D51CD /* String+Extension.swift in Sources */ = {isa = PBXBuildFile; fileRef = 6D857A232810B590007D51CD /* String+Extension.swift */; };
		6D8DED9F27E6C5690062920E /* VenturaHRApp.swift in Sources */ = {isa = PBXBuildFile; fileRef = 6D8DED9E27E6C5690062920E /* VenturaHRApp.swift */; };
		6D8DEDA327E6C56D0062920E /* Assets.xcassets in Resources */ = {isa = PBXBuildFile; fileRef = 6D8DEDA227E6C56D0062920E /* Assets.xcassets */; };
		6D8DEDA627E6C56D0062920E /* Preview Assets.xcassets in Resources */ = {isa = PBXBuildFile; fileRef = 6D8DEDA527E6C56D0062920E /* Preview Assets.xcassets */; };
		6DA8389C28118DDB009BE7F1 /* MainViewRouter.swift in Sources */ = {isa = PBXBuildFile; fileRef = 6DA8389B28118DDB009BE7F1 /* MainViewRouter.swift */; };
		6DD7874A2813503A0032F6AA /* MainViewModel.swift in Sources */ = {isa = PBXBuildFile; fileRef = 6DD787492813503A0032F6AA /* MainViewModel.swift */; };
		6DD7874E2813560B0032F6AA /* MainRemoteDataSource.swift in Sources */ = {isa = PBXBuildFile; fileRef = 6DD7874D2813560B0032F6AA /* MainRemoteDataSource.swift */; };
		6DD78753281357330032F6AA /* UserData.swift in Sources */ = {isa = PBXBuildFile; fileRef = 6DD78752281357330032F6AA /* UserData.swift */; };
		6DD787582813579B0032F6AA /* UserDataFactory.swift in Sources */ = {isa = PBXBuildFile; fileRef = 6DD787572813579B0032F6AA /* UserDataFactory.swift */; };
		6DD7875E281359FB0032F6AA /* GenericUser.swift in Sources */ = {isa = PBXBuildFile; fileRef = 6DD7875D281359FB0032F6AA /* GenericUser.swift */; };
		6DD7876128135A890032F6AA /* GenericUserFactory.swift in Sources */ = {isa = PBXBuildFile; fileRef = 6DD7876028135A890032F6AA /* GenericUserFactory.swift */; };
		6DEE7F14281A22350059EB98 /* IbgeCity.swift in Sources */ = {isa = PBXBuildFile; fileRef = 6DEE7F13281A22350059EB98 /* IbgeCity.swift */; };
		6DEE7F17281A22750059EB98 /* IbgeStateRegion.swift in Sources */ = {isa = PBXBuildFile; fileRef = 6DEE7F16281A22750059EB98 /* IbgeStateRegion.swift */; };
		B7763B4356AC9C628C04E6A2 /* Pods_VenturaHR.framework in Frameworks */ = {isa = PBXBuildFile; fileRef = 3EE5AED728E6F0D6D7A72B29 /* Pods_VenturaHR.framework */; };
/* End PBXBuildFile section */

/* Begin PBXFileReference section */
		367C572D40E9D82E652C2C04 /* Pods-VenturaHR.debug.xcconfig */ = {isa = PBXFileReference; includeInIndex = 1; lastKnownFileType = text.xcconfig; name = "Pods-VenturaHR.debug.xcconfig"; path = "Target Support Files/Pods-VenturaHR/Pods-VenturaHR.debug.xcconfig"; sourceTree = "<group>"; };
		3EE5AED728E6F0D6D7A72B29 /* Pods_VenturaHR.framework */ = {isa = PBXFileReference; explicitFileType = wrapper.framework; includeInIndex = 0; path = Pods_VenturaHR.framework; sourceTree = BUILT_PRODUCTS_DIR; };
		6D13E41C27EC6E6300577DCD /* AccountType.swift */ = {isa = PBXFileReference; lastKnownFileType = sourcecode.swift; path = AccountType.swift; sourceTree = "<group>"; };
		6D20375E27E918FE00377838 /* SplashView.swift */ = {isa = PBXFileReference; lastKnownFileType = sourcecode.swift; path = SplashView.swift; sourceTree = "<group>"; };
		6D20376227E9317400377838 /* SplashViewModel.swift */ = {isa = PBXFileReference; lastKnownFileType = sourcecode.swift; path = SplashViewModel.swift; sourceTree = "<group>"; };
		6D20376427E931BE00377838 /* SplashUIState.swift */ = {isa = PBXFileReference; lastKnownFileType = sourcecode.swift; path = SplashUIState.swift; sourceTree = "<group>"; };
		6D20376827E958A200377838 /* SplashViewRouter.swift */ = {isa = PBXFileReference; lastKnownFileType = sourcecode.swift; path = SplashViewRouter.swift; sourceTree = "<group>"; };
		6D20376E27E96A4B00377838 /* SignUpView.swift */ = {isa = PBXFileReference; lastKnownFileType = sourcecode.swift; path = SignUpView.swift; sourceTree = "<group>"; };
		6D20377227E96A7100377838 /* SignUpViewModel.swift */ = {isa = PBXFileReference; lastKnownFileType = sourcecode.swift; path = SignUpViewModel.swift; sourceTree = "<group>"; };
		6D20377527E96B3600377838 /* SignUpViewRouter.swift */ = {isa = PBXFileReference; lastKnownFileType = sourcecode.swift; path = SignUpViewRouter.swift; sourceTree = "<group>"; };
		6D285A7B27E80AB900FAED39 /* Localizable.strings */ = {isa = PBXFileReference; lastKnownFileType = text.plist.strings; path = Localizable.strings; sourceTree = "<group>"; };
		6D285A7D27E80B1200FAED39 /* R.generated.swift */ = {isa = PBXFileReference; fileEncoding = 4; lastKnownFileType = sourcecode.swift; path = R.generated.swift; sourceTree = "<group>"; };
		6D30C48E2818A29000A099E2 /* NetworkResult.swift */ = {isa = PBXFileReference; lastKnownFileType = sourcecode.swift; path = NetworkResult.swift; sourceTree = "<group>"; };
		6D30C4912818C78600A099E2 /* IbgeService.swift */ = {isa = PBXFileReference; lastKnownFileType = sourcecode.swift; path = IbgeService.swift; sourceTree = "<group>"; };
		6D30C4942818C90100A099E2 /* IbgeServiceEndpoint.swift */ = {isa = PBXFileReference; lastKnownFileType = sourcecode.swift; path = IbgeServiceEndpoint.swift; sourceTree = "<group>"; };
		6D39C4E527EA9B1F00CF69C0 /* InputFieldView.swift */ = {isa = PBXFileReference; lastKnownFileType = sourcecode.swift; path = InputFieldView.swift; sourceTree = "<group>"; };
		6D39C4E727EA9BC800CF69C0 /* InputFieldViewData.swift */ = {isa = PBXFileReference; lastKnownFileType = sourcecode.swift; path = InputFieldViewData.swift; sourceTree = "<group>"; };
		6D39C4E927EA9E2800CF69C0 /* CustomInputFieldStyle.swift */ = {isa = PBXFileReference; lastKnownFileType = sourcecode.swift; path = CustomInputFieldStyle.swift; sourceTree = "<group>"; };
		6D3C6B5327EE715500F8F433 /* SignUpRequest.swift */ = {isa = PBXFileReference; lastKnownFileType = sourcecode.swift; path = SignUpRequest.swift; sourceTree = "<group>"; };
		6D4937FE27ED5977002AA2F7 /* UIState.swift */ = {isa = PBXFileReference; lastKnownFileType = sourcecode.swift; path = UIState.swift; sourceTree = "<group>"; };
		6D69FDA12819F516003D2BDB /* IbgeState.swift */ = {isa = PBXFileReference; lastKnownFileType = sourcecode.swift; path = IbgeState.swift; sourceTree = "<group>"; };
		6D6AD72327EFEA550041A9F1 /* SignInView.swift */ = {isa = PBXFileReference; lastKnownFileType = sourcecode.swift; path = SignInView.swift; sourceTree = "<group>"; };
		6D6AD72627EFEA650041A9F1 /* SignInViewModel.swift */ = {isa = PBXFileReference; lastKnownFileType = sourcecode.swift; path = SignInViewModel.swift; sourceTree = "<group>"; };
		6D74BFBE280E380A00725883 /* GoogleService-Info.plist */ = {isa = PBXFileReference; fileEncoding = 4; lastKnownFileType = text.plist.xml; path = "GoogleService-Info.plist"; sourceTree = "<group>"; };
		6D74BFC7280E492400725883 /* SignUpRemoteDataSource.swift */ = {isa = PBXFileReference; lastKnownFileType = sourcecode.swift; path = SignUpRemoteDataSource.swift; sourceTree = "<group>"; };
		6D74BFCA280E49CF00725883 /* FirebaseService.swift */ = {isa = PBXFileReference; lastKnownFileType = sourcecode.swift; path = FirebaseService.swift; sourceTree = "<group>"; };
		6D74BFD1280E4C2B00725883 /* Network.swift */ = {isa = PBXFileReference; lastKnownFileType = sourcecode.swift; path = Network.swift; sourceTree = "<group>"; };
		6D74BFD4280E4CBE00725883 /* ContentType.swift */ = {isa = PBXFileReference; lastKnownFileType = sourcecode.swift; path = ContentType.swift; sourceTree = "<group>"; };
		6D74BFDC280E4D8100725883 /* HttpMethod.swift */ = {isa = PBXFileReference; lastKnownFileType = sourcecode.swift; path = HttpMethod.swift; sourceTree = "<group>"; };
		6D74BFDF280E4D9700725883 /* NetworkError.swift */ = {isa = PBXFileReference; lastKnownFileType = sourcecode.swift; path = NetworkError.swift; sourceTree = "<group>"; };
		6D74BFE4280EFC3200725883 /* UserMicroservice.swift */ = {isa = PBXFileReference; lastKnownFileType = sourcecode.swift; path = UserMicroservice.swift; sourceTree = "<group>"; };
		6D79D50527ED22BE00F9E961 /* LoadingButtonView.swift */ = {isa = PBXFileReference; lastKnownFileType = sourcecode.swift; path = LoadingButtonView.swift; sourceTree = "<group>"; };
		6D79D50727ED22D500F9E961 /* LoadingButtonViewData.swift */ = {isa = PBXFileReference; lastKnownFileType = sourcecode.swift; path = LoadingButtonViewData.swift; sourceTree = "<group>"; };
		6D7EC52E280F98580034C58D /* UserMicroserviceEndpoint.swift */ = {isa = PBXFileReference; lastKnownFileType = sourcecode.swift; path = UserMicroserviceEndpoint.swift; sourceTree = "<group>"; };
		6D7EC536280FA16E0034C58D /* SignUpInteractor.swift */ = {isa = PBXFileReference; lastKnownFileType = sourcecode.swift; path = SignUpInteractor.swift; sourceTree = "<group>"; };
		6D857A0E28107CC4007D51CD /* SignInViewRouter.swift */ = {isa = PBXFileReference; lastKnownFileType = sourcecode.swift; path = SignInViewRouter.swift; sourceTree = "<group>"; };
		6D857A1228107EE1007D51CD /* SignInRemoteDataSource.swift */ = {isa = PBXFileReference; lastKnownFileType = sourcecode.swift; path = SignInRemoteDataSource.swift; sourceTree = "<group>"; };
		6D857A1628107F75007D51CD /* SignInRequest.swift */ = {isa = PBXFileReference; fileEncoding = 4; lastKnownFileType = sourcecode.swift; path = SignInRequest.swift; sourceTree = "<group>"; };
		6D857A1E2810A02D007D51CD /* MainView.swift */ = {isa = PBXFileReference; lastKnownFileType = sourcecode.swift; path = MainView.swift; sourceTree = "<group>"; };
		6D857A202810A2E1007D51CD /* SignInInteractor.swift */ = {isa = PBXFileReference; lastKnownFileType = sourcecode.swift; path = SignInInteractor.swift; sourceTree = "<group>"; };
		6D857A232810B590007D51CD /* String+Extension.swift */ = {isa = PBXFileReference; lastKnownFileType = sourcecode.swift; path = "String+Extension.swift"; sourceTree = "<group>"; };
		6D8DED9B27E6C5690062920E /* VenturaHR.app */ = {isa = PBXFileReference; explicitFileType = wrapper.application; includeInIndex = 0; path = VenturaHR.app; sourceTree = BUILT_PRODUCTS_DIR; };
		6D8DED9E27E6C5690062920E /* VenturaHRApp.swift */ = {isa = PBXFileReference; lastKnownFileType = sourcecode.swift; path = VenturaHRApp.swift; sourceTree = "<group>"; };
		6D8DEDA227E6C56D0062920E /* Assets.xcassets */ = {isa = PBXFileReference; lastKnownFileType = folder.assetcatalog; path = Assets.xcassets; sourceTree = "<group>"; };
		6D8DEDA527E6C56D0062920E /* Preview Assets.xcassets */ = {isa = PBXFileReference; lastKnownFileType = folder.assetcatalog; path = "Preview Assets.xcassets"; sourceTree = "<group>"; };
		6DA8389B28118DDB009BE7F1 /* MainViewRouter.swift */ = {isa = PBXFileReference; lastKnownFileType = sourcecode.swift; path = MainViewRouter.swift; sourceTree = "<group>"; };
		6DD787492813503A0032F6AA /* MainViewModel.swift */ = {isa = PBXFileReference; lastKnownFileType = sourcecode.swift; path = MainViewModel.swift; sourceTree = "<group>"; };
		6DD7874D2813560B0032F6AA /* MainRemoteDataSource.swift */ = {isa = PBXFileReference; lastKnownFileType = sourcecode.swift; path = MainRemoteDataSource.swift; sourceTree = "<group>"; };
		6DD78752281357330032F6AA /* UserData.swift */ = {isa = PBXFileReference; lastKnownFileType = sourcecode.swift; path = UserData.swift; sourceTree = "<group>"; };
		6DD787572813579B0032F6AA /* UserDataFactory.swift */ = {isa = PBXFileReference; lastKnownFileType = sourcecode.swift; path = UserDataFactory.swift; sourceTree = "<group>"; };
		6DD7875D281359FB0032F6AA /* GenericUser.swift */ = {isa = PBXFileReference; lastKnownFileType = sourcecode.swift; path = GenericUser.swift; sourceTree = "<group>"; };
		6DD7876028135A890032F6AA /* GenericUserFactory.swift */ = {isa = PBXFileReference; lastKnownFileType = sourcecode.swift; path = GenericUserFactory.swift; sourceTree = "<group>"; };
		6DEE7F13281A22350059EB98 /* IbgeCity.swift */ = {isa = PBXFileReference; lastKnownFileType = sourcecode.swift; path = IbgeCity.swift; sourceTree = "<group>"; };
		6DEE7F16281A22750059EB98 /* IbgeStateRegion.swift */ = {isa = PBXFileReference; lastKnownFileType = sourcecode.swift; path = IbgeStateRegion.swift; sourceTree = "<group>"; };
		77DFB3AFE143170AB14ABDA9 /* Pods-VenturaHR.release.xcconfig */ = {isa = PBXFileReference; includeInIndex = 1; lastKnownFileType = text.xcconfig; name = "Pods-VenturaHR.release.xcconfig"; path = "Target Support Files/Pods-VenturaHR/Pods-VenturaHR.release.xcconfig"; sourceTree = "<group>"; };
/* End PBXFileReference section */

/* Begin PBXFrameworksBuildPhase section */
		6D8DED9827E6C5690062920E /* Frameworks */ = {
			isa = PBXFrameworksBuildPhase;
			buildActionMask = 2147483647;
			files = (
				B7763B4356AC9C628C04E6A2 /* Pods_VenturaHR.framework in Frameworks */,
			);
			runOnlyForDeploymentPostprocessing = 0;
		};
/* End PBXFrameworksBuildPhase section */

/* Begin PBXGroup section */
		13CFE897EAEEE7C33384E571 /* Frameworks */ = {
			isa = PBXGroup;
			children = (
				3EE5AED728E6F0D6D7A72B29 /* Pods_VenturaHR.framework */,
			);
			name = Frameworks;
			sourceTree = "<group>";
		};
		6D13E41B27EC6E1D00577DCD /* Enum */ = {
			isa = PBXGroup;
			children = (
				6D13E41C27EC6E6300577DCD /* AccountType.swift */,
				6D4937FE27ED5977002AA2F7 /* UIState.swift */,
			);
			path = Enum;
			sourceTree = "<group>";
		};
		6D20375B27E918A100377838 /* Modules */ = {
			isa = PBXGroup;
			children = (
				6D857A1B2810A015007D51CD /* Main */,
				6D3C6B4D27EE6B2400F8F433 /* SignIn */,
				6D20376A27E9595200377838 /* SignUp */,
				6D20375C27E918C300377838 /* Splash */,
			);
			path = Modules;
			sourceTree = "<group>";
		};
		6D20375C27E918C300377838 /* Splash */ = {
			isa = PBXGroup;
			children = (
				6D20376627E9588900377838 /* Router */,
				6D20376127E9309100377838 /* Model */,
				6D20375D27E918CD00377838 /* View */,
				6D20376027E9308800377838 /* ViewModel */,
			);
			path = Splash;
			sourceTree = "<group>";
		};
		6D20375D27E918CD00377838 /* View */ = {
			isa = PBXGroup;
			children = (
				6D20375E27E918FE00377838 /* SplashView.swift */,
			);
			path = View;
			sourceTree = "<group>";
		};
		6D20376027E9308800377838 /* ViewModel */ = {
			isa = PBXGroup;
			children = (
				6D20376227E9317400377838 /* SplashViewModel.swift */,
			);
			path = ViewModel;
			sourceTree = "<group>";
		};
		6D20376127E9309100377838 /* Model */ = {
			isa = PBXGroup;
			children = (
				6D20376427E931BE00377838 /* SplashUIState.swift */,
			);
			path = Model;
			sourceTree = "<group>";
		};
		6D20376627E9588900377838 /* Router */ = {
			isa = PBXGroup;
			children = (
				6D20376827E958A200377838 /* SplashViewRouter.swift */,
			);
			path = Router;
			sourceTree = "<group>";
		};
		6D20376A27E9595200377838 /* SignUp */ = {
			isa = PBXGroup;
			children = (
				6D74BFC5280E490900725883 /* DataSource */,
				6D74BFC4280E490000725883 /* Interactor */,
				6D79D4FD27ED1D0A00F9E961 /* Model */,
				6D20377427E96B2800377838 /* Router */,
				6D20376D27E96A3900377838 /* View */,
				6D20377027E96A5200377838 /* ViewModel */,
			);
			path = SignUp;
			sourceTree = "<group>";
		};
		6D20376D27E96A3900377838 /* View */ = {
			isa = PBXGroup;
			children = (
				6D20376E27E96A4B00377838 /* SignUpView.swift */,
			);
			path = View;
			sourceTree = "<group>";
		};
		6D20377027E96A5200377838 /* ViewModel */ = {
			isa = PBXGroup;
			children = (
				6D20377227E96A7100377838 /* SignUpViewModel.swift */,
			);
			path = ViewModel;
			sourceTree = "<group>";
		};
		6D20377427E96B2800377838 /* Router */ = {
			isa = PBXGroup;
			children = (
				6D20377527E96B3600377838 /* SignUpViewRouter.swift */,
			);
			path = Router;
			sourceTree = "<group>";
		};
		6D20377727E96BCA00377838 /* Commons */ = {
			isa = PBXGroup;
			children = (
				6D20377827E96BE800377838 /* Component */,
				6D13E41B27EC6E1D00577DCD /* Enum */,
				6D857A222810B57F007D51CD /* Extension */,
				6DD78751281357220032F6AA /* Model */,
				6D74BFC9280E49AD00725883 /* Service */,
			);
			path = Commons;
			sourceTree = "<group>";
		};
		6D20377827E96BE800377838 /* Component */ = {
			isa = PBXGroup;
			children = (
				6D79D50427ED228800F9E961 /* LoadingButton */,
				6D20377927E96C2200377838 /* InputField */,
			);
			path = Component;
			sourceTree = "<group>";
		};
		6D20377927E96C2200377838 /* InputField */ = {
			isa = PBXGroup;
			children = (
				6D39C4E527EA9B1F00CF69C0 /* InputFieldView.swift */,
				6D39C4E727EA9BC800CF69C0 /* InputFieldViewData.swift */,
				6D39C4E927EA9E2800CF69C0 /* CustomInputFieldStyle.swift */,
			);
			path = InputField;
			sourceTree = "<group>";
		};
		6D285A7427E7F95D00FAED39 /* Application */ = {
			isa = PBXGroup;
			children = (
				6D8DED9E27E6C5690062920E /* VenturaHRApp.swift */,
			);
			path = Application;
			sourceTree = "<group>";
		};
		6D285A7527E7FB7400FAED39 /* Assets */ = {
			isa = PBXGroup;
			children = (
				6D8DEDA227E6C56D0062920E /* Assets.xcassets */,
			);
			path = Assets;
			sourceTree = "<group>";
		};
		6D285A7A27E80A9500FAED39 /* String */ = {
			isa = PBXGroup;
			children = (
				6D285A7B27E80AB900FAED39 /* Localizable.strings */,
			);
			path = String;
			sourceTree = "<group>";
		};
		6D30C4902818C73300A099E2 /* IbgeService */ = {
			isa = PBXGroup;
			children = (
				6D30C4932818C8D600A099E2 /* Enum */,
				6D30C4912818C78600A099E2 /* IbgeService.swift */,
			);
			path = IbgeService;
			sourceTree = "<group>";
		};
		6D30C4932818C8D600A099E2 /* Enum */ = {
			isa = PBXGroup;
			children = (
				6D30C4942818C90100A099E2 /* IbgeServiceEndpoint.swift */,
			);
			path = Enum;
			sourceTree = "<group>";
		};
		6D3C6B4D27EE6B2400F8F433 /* SignIn */ = {
			isa = PBXGroup;
			children = (
				6D857A1128107ED2007D51CD /* DataSource */,
				6D857A1028107ECA007D51CD /* Interactor */,
				6D857A1528107F75007D51CD /* Model */,
				6D857A0D28107CB0007D51CD /* Router */,
				6D3C6B4F27EE6B4900F8F433 /* View */,
				6D3C6B5027EE6B4E00F8F433 /* ViewModel */,
			);
			path = SignIn;
			sourceTree = "<group>";
		};
		6D3C6B4F27EE6B4900F8F433 /* View */ = {
			isa = PBXGroup;
			children = (
				6D6AD72327EFEA550041A9F1 /* SignInView.swift */,
			);
			path = View;
			sourceTree = "<group>";
		};
		6D3C6B5027EE6B4E00F8F433 /* ViewModel */ = {
			isa = PBXGroup;
			children = (
				6D6AD72627EFEA650041A9F1 /* SignInViewModel.swift */,
			);
			path = ViewModel;
			sourceTree = "<group>";
		};
		6D74BFC4280E490000725883 /* Interactor */ = {
			isa = PBXGroup;
			children = (
				6D7EC536280FA16E0034C58D /* SignUpInteractor.swift */,
			);
			path = Interactor;
			sourceTree = "<group>";
		};
		6D74BFC5280E490900725883 /* DataSource */ = {
			isa = PBXGroup;
			children = (
				6D74BFC7280E492400725883 /* SignUpRemoteDataSource.swift */,
			);
			path = DataSource;
			sourceTree = "<group>";
		};
		6D74BFC9280E49AD00725883 /* Service */ = {
			isa = PBXGroup;
			children = (
				6D30C4902818C73300A099E2 /* IbgeService */,
				6D74BFE3280EFBEE00725883 /* UserMicroservice */,
				6D74BFCF280E4BC700725883 /* FirebaseService */,
			);
			path = Service;
			sourceTree = "<group>";
		};
		6D74BFCF280E4BC700725883 /* FirebaseService */ = {
			isa = PBXGroup;
			children = (
				6D74BFCA280E49CF00725883 /* FirebaseService.swift */,
			);
			path = FirebaseService;
			sourceTree = "<group>";
		};
		6D74BFD0280E4C1600725883 /* Network */ = {
			isa = PBXGroup;
			children = (
				6DE7BB92280F7B5C00BE9D13 /* Codable */,
				6D74BFD3280E4C9700725883 /* Enum */,
				6D74BFD1280E4C2B00725883 /* Network.swift */,
			);
			path = Network;
			sourceTree = "<group>";
		};
		6D74BFD3280E4C9700725883 /* Enum */ = {
			isa = PBXGroup;
			children = (
				6D74BFD4280E4CBE00725883 /* ContentType.swift */,
				6D74BFDC280E4D8100725883 /* HttpMethod.swift */,
				6D74BFDF280E4D9700725883 /* NetworkError.swift */,
				6D30C48E2818A29000A099E2 /* NetworkResult.swift */,
			);
			path = Enum;
			sourceTree = "<group>";
		};
		6D74BFE3280EFBEE00725883 /* UserMicroservice */ = {
			isa = PBXGroup;
			children = (
				6DD7876228135EF40032F6AA /* Enum */,
				6D74BFE4280EFC3200725883 /* UserMicroservice.swift */,
			);
			path = UserMicroservice;
			sourceTree = "<group>";
		};
		6D79D4FD27ED1D0A00F9E961 /* Model */ = {
			isa = PBXGroup;
			children = (
				6D3C6B5327EE715500F8F433 /* SignUpRequest.swift */,
			);
			path = Model;
			sourceTree = "<group>";
		};
		6D79D50427ED228800F9E961 /* LoadingButton */ = {
			isa = PBXGroup;
			children = (
				6D79D50527ED22BE00F9E961 /* LoadingButtonView.swift */,
				6D79D50727ED22D500F9E961 /* LoadingButtonViewData.swift */,
			);
			path = LoadingButton;
			sourceTree = "<group>";
		};
		6D857A0D28107CB0007D51CD /* Router */ = {
			isa = PBXGroup;
			children = (
				6D857A0E28107CC4007D51CD /* SignInViewRouter.swift */,
			);
			path = Router;
			sourceTree = "<group>";
		};
		6D857A1028107ECA007D51CD /* Interactor */ = {
			isa = PBXGroup;
			children = (
				6D857A202810A2E1007D51CD /* SignInInteractor.swift */,
			);
			path = Interactor;
			sourceTree = "<group>";
		};
		6D857A1128107ED2007D51CD /* DataSource */ = {
			isa = PBXGroup;
			children = (
				6D857A1228107EE1007D51CD /* SignInRemoteDataSource.swift */,
			);
			path = DataSource;
			sourceTree = "<group>";
		};
		6D857A1528107F75007D51CD /* Model */ = {
			isa = PBXGroup;
			children = (
				6D857A1628107F75007D51CD /* SignInRequest.swift */,
			);
			path = Model;
			sourceTree = "<group>";
		};
		6D857A1B2810A015007D51CD /* Main */ = {
			isa = PBXGroup;
			children = (
				6DD7874B281355F10032F6AA /* DataSource */,
				6DD78747281350170032F6AA /* Router */,
				6DD78745281350060032F6AA /* View */,
				6DD78746281350090032F6AA /* ViewModel */,
			);
			path = Main;
			sourceTree = "<group>";
		};
		6D857A222810B57F007D51CD /* Extension */ = {
			isa = PBXGroup;
			children = (
				6D857A232810B590007D51CD /* String+Extension.swift */,
			);
			path = Extension;
			sourceTree = "<group>";
		};
		6D8DED9227E6C5690062920E = {
			isa = PBXGroup;
			children = (
				13CFE897EAEEE7C33384E571 /* Frameworks */,
				B6F27D23D4F2F266013A7E46 /* Pods */,
				6D8DED9C27E6C5690062920E /* Products */,
				6D8DED9D27E6C5690062920E /* VenturaHR */,
			);
			sourceTree = "<group>";
		};
		6D8DED9C27E6C5690062920E /* Products */ = {
			isa = PBXGroup;
			children = (
				6D8DED9B27E6C5690062920E /* VenturaHR.app */,
			);
			name = Products;
			sourceTree = "<group>";
		};
		6D8DED9D27E6C5690062920E /* VenturaHR */ = {
			isa = PBXGroup;
			children = (
				6D74BFBE280E380A00725883 /* GoogleService-Info.plist */,
				6D8DEDA427E6C56D0062920E /* Preview Content */,
				6D8DEDAC27E6C90D0062920E /* Resources */,
				6D8DEDAD27E6C9170062920E /* Sources */,
			);
			path = VenturaHR;
			sourceTree = "<group>";
		};
		6D8DEDA427E6C56D0062920E /* Preview Content */ = {
			isa = PBXGroup;
			children = (
				6D8DEDA527E6C56D0062920E /* Preview Assets.xcassets */,
			);
			path = "Preview Content";
			sourceTree = "<group>";
		};
		6D8DEDAC27E6C90D0062920E /* Resources */ = {
			isa = PBXGroup;
			children = (
				6D285A7527E7FB7400FAED39 /* Assets */,
				6D285A7A27E80A9500FAED39 /* String */,
				6D285A7D27E80B1200FAED39 /* R.generated.swift */,
			);
			path = Resources;
			sourceTree = "<group>";
		};
		6D8DEDAD27E6C9170062920E /* Sources */ = {
			isa = PBXGroup;
			children = (
				6D285A7427E7F95D00FAED39 /* Application */,
				6D20377727E96BCA00377838 /* Commons */,
				6D20375B27E918A100377838 /* Modules */,
				6D74BFD0280E4C1600725883 /* Network */,
			);
			path = Sources;
			sourceTree = "<group>";
		};
		6DD78745281350060032F6AA /* View */ = {
			isa = PBXGroup;
			children = (
				6D857A1E2810A02D007D51CD /* MainView.swift */,
			);
			path = View;
			sourceTree = "<group>";
		};
		6DD78746281350090032F6AA /* ViewModel */ = {
			isa = PBXGroup;
			children = (
				6DD787492813503A0032F6AA /* MainViewModel.swift */,
			);
			path = ViewModel;
			sourceTree = "<group>";
		};
		6DD78747281350170032F6AA /* Router */ = {
			isa = PBXGroup;
			children = (
				6DA8389B28118DDB009BE7F1 /* MainViewRouter.swift */,
			);
			path = Router;
			sourceTree = "<group>";
		};
		6DD7874B281355F10032F6AA /* DataSource */ = {
			isa = PBXGroup;
			children = (
				6DD7874D2813560B0032F6AA /* MainRemoteDataSource.swift */,
			);
			path = DataSource;
			sourceTree = "<group>";
		};
		6DD78751281357220032F6AA /* Model */ = {
			isa = PBXGroup;
			children = (
				6DD787542813577D0032F6AA /* UserData */,
			);
			path = Model;
			sourceTree = "<group>";
		};
		6DD787542813577D0032F6AA /* UserData */ = {
			isa = PBXGroup;
			children = (
				6DD78752281357330032F6AA /* UserData.swift */,
				6DD787572813579B0032F6AA /* UserDataFactory.swift */,
			);
			path = UserData;
			sourceTree = "<group>";
		};
		6DD7875C281359EA0032F6AA /* GenericUser */ = {
			isa = PBXGroup;
			children = (
				6DD7875D281359FB0032F6AA /* GenericUser.swift */,
				6DD7876028135A890032F6AA /* GenericUserFactory.swift */,
			);
			path = GenericUser;
			sourceTree = "<group>";
		};
		6DD7876228135EF40032F6AA /* Enum */ = {
			isa = PBXGroup;
			children = (
				6D7EC52E280F98580034C58D /* UserMicroserviceEndpoint.swift */,
			);
			path = Enum;
			sourceTree = "<group>";
		};
		6DE7BB92280F7B5C00BE9D13 /* Codable */ = {
			isa = PBXGroup;
			children = (
				6DEE7F11281A21A60059EB98 /* ibge */,
				6DD7875C281359EA0032F6AA /* GenericUser */,
			);
			path = Codable;
			sourceTree = "<group>";
		};
		6DEE7F11281A21A60059EB98 /* ibge */ = {
			isa = PBXGroup;
			children = (
				6D69FDA12819F516003D2BDB /* IbgeState.swift */,
				6DEE7F13281A22350059EB98 /* IbgeCity.swift */,
				6DEE7F16281A22750059EB98 /* IbgeStateRegion.swift */,
			);
			path = ibge;
			sourceTree = "<group>";
		};
		B6F27D23D4F2F266013A7E46 /* Pods */ = {
			isa = PBXGroup;
			children = (
				367C572D40E9D82E652C2C04 /* Pods-VenturaHR.debug.xcconfig */,
				77DFB3AFE143170AB14ABDA9 /* Pods-VenturaHR.release.xcconfig */,
			);
			path = Pods;
			sourceTree = "<group>";
		};
/* End PBXGroup section */

/* Begin PBXNativeTarget section */
		6D8DED9A27E6C5690062920E /* VenturaHR */ = {
			isa = PBXNativeTarget;
			buildConfigurationList = 6D8DEDA927E6C56D0062920E /* Build configuration list for PBXNativeTarget "VenturaHR" */;
			buildPhases = (
				C683818820F591391B0A998C /* [CP] Check Pods Manifest.lock */,
				6D285A7727E8048300FAED39 /* R.Swift */,
				6D8DED9727E6C5690062920E /* Sources */,
				6D8DED9827E6C5690062920E /* Frameworks */,
				6D8DED9927E6C5690062920E /* Resources */,
				626A1374E51F6C725F48A015 /* [CP] Embed Pods Frameworks */,
			);
			buildRules = (
			);
			dependencies = (
			);
			name = VenturaHR;
			productName = VenturaHR;
			productReference = 6D8DED9B27E6C5690062920E /* VenturaHR.app */;
			productType = "com.apple.product-type.application";
		};
/* End PBXNativeTarget section */

/* Begin PBXProject section */
		6D8DED9327E6C5690062920E /* Project object */ = {
			isa = PBXProject;
			attributes = {
				BuildIndependentTargetsInParallel = 1;
				LastSwiftUpdateCheck = 1320;
				LastUpgradeCheck = 1320;
				TargetAttributes = {
					6D8DED9A27E6C5690062920E = {
						CreatedOnToolsVersion = 13.2.1;
					};
				};
			};
			buildConfigurationList = 6D8DED9627E6C5690062920E /* Build configuration list for PBXProject "VenturaHR" */;
			compatibilityVersion = "Xcode 13.0";
			developmentRegion = en;
			hasScannedForEncodings = 0;
			knownRegions = (
				en,
				Base,
			);
			mainGroup = 6D8DED9227E6C5690062920E;
			productRefGroup = 6D8DED9C27E6C5690062920E /* Products */;
			projectDirPath = "";
			projectRoot = "";
			targets = (
				6D8DED9A27E6C5690062920E /* VenturaHR */,
			);
		};
/* End PBXProject section */

/* Begin PBXResourcesBuildPhase section */
		6D8DED9927E6C5690062920E /* Resources */ = {
			isa = PBXResourcesBuildPhase;
			buildActionMask = 2147483647;
			files = (
				6D8DEDA627E6C56D0062920E /* Preview Assets.xcassets in Resources */,
				6D74BFBF280E380A00725883 /* GoogleService-Info.plist in Resources */,
				6D285A7C27E80AB900FAED39 /* Localizable.strings in Resources */,
				6D8DEDA327E6C56D0062920E /* Assets.xcassets in Resources */,
			);
			runOnlyForDeploymentPostprocessing = 0;
		};
/* End PBXResourcesBuildPhase section */

/* Begin PBXShellScriptBuildPhase section */
		626A1374E51F6C725F48A015 /* [CP] Embed Pods Frameworks */ = {
			isa = PBXShellScriptBuildPhase;
			buildActionMask = 2147483647;
			files = (
			);
			inputFileListPaths = (
				"${PODS_ROOT}/Target Support Files/Pods-VenturaHR/Pods-VenturaHR-frameworks-${CONFIGURATION}-input-files.xcfilelist",
			);
			name = "[CP] Embed Pods Frameworks";
			outputFileListPaths = (
				"${PODS_ROOT}/Target Support Files/Pods-VenturaHR/Pods-VenturaHR-frameworks-${CONFIGURATION}-output-files.xcfilelist",
			);
			runOnlyForDeploymentPostprocessing = 0;
			shellPath = /bin/sh;
			shellScript = "\"${PODS_ROOT}/Target Support Files/Pods-VenturaHR/Pods-VenturaHR-frameworks.sh\"\n";
			showEnvVarsInLog = 0;
		};
		6D285A7727E8048300FAED39 /* R.Swift */ = {
			isa = PBXShellScriptBuildPhase;
			alwaysOutOfDate = 1;
			buildActionMask = 2147483647;
			files = (
			);
			inputFileListPaths = (
			);
			inputPaths = (
				"$TEMP_DIR/rswift-lastrun",
			);
			name = R.Swift;
			outputFileListPaths = (
			);
			outputPaths = (
				$SRCROOT/VenturaHR/Resources/R.generated.swift,
			);
			runOnlyForDeploymentPostprocessing = 0;
			shellPath = /bin/sh;
			shellScript = "\"$PODS_ROOT/R.swift/rswift\" generate \"$SRCROOT/VenturaHR/Resources/R.generated.swift\"\n";
		};
		C683818820F591391B0A998C /* [CP] Check Pods Manifest.lock */ = {
			isa = PBXShellScriptBuildPhase;
			buildActionMask = 2147483647;
			files = (
			);
			inputFileListPaths = (
			);
			inputPaths = (
				"${PODS_PODFILE_DIR_PATH}/Podfile.lock",
				"${PODS_ROOT}/Manifest.lock",
			);
			name = "[CP] Check Pods Manifest.lock";
			outputFileListPaths = (
			);
			outputPaths = (
				"$(DERIVED_FILE_DIR)/Pods-VenturaHR-checkManifestLockResult.txt",
			);
			runOnlyForDeploymentPostprocessing = 0;
			shellPath = /bin/sh;
			shellScript = "diff \"${PODS_PODFILE_DIR_PATH}/Podfile.lock\" \"${PODS_ROOT}/Manifest.lock\" > /dev/null\nif [ $? != 0 ] ; then\n    # print error to STDERR\n    echo \"error: The sandbox is not in sync with the Podfile.lock. Run 'pod install' or update your CocoaPods installation.\" >&2\n    exit 1\nfi\n# This output is used by Xcode 'outputs' to avoid re-running this script phase.\necho \"SUCCESS\" > \"${SCRIPT_OUTPUT_FILE_0}\"\n";
			showEnvVarsInLog = 0;
		};
/* End PBXShellScriptBuildPhase section */

/* Begin PBXSourcesBuildPhase section */
		6D8DED9727E6C5690062920E /* Sources */ = {
			isa = PBXSourcesBuildPhase;
			buildActionMask = 2147483647;
			files = (
				6D74BFE0280E4D9700725883 /* NetworkError.swift in Sources */,
				6D30C4952818C90100A099E2 /* IbgeServiceEndpoint.swift in Sources */,
				6D20376527E931BE00377838 /* SplashUIState.swift in Sources */,
				6D74BFD2280E4C2B00725883 /* Network.swift in Sources */,
				6D74BFCB280E49CF00725883 /* FirebaseService.swift in Sources */,
				6D79D50627ED22BE00F9E961 /* LoadingButtonView.swift in Sources */,
				6D857A1F2810A02D007D51CD /* MainView.swift in Sources */,
				6D20375F27E918FE00377838 /* SplashView.swift in Sources */,
				6D857A242810B590007D51CD /* String+Extension.swift in Sources */,
				6D74BFE5280EFC3200725883 /* UserMicroservice.swift in Sources */,
				6D7EC52F280F98580034C58D /* UserMicroserviceEndpoint.swift in Sources */,
				6D20377327E96A7100377838 /* SignUpViewModel.swift in Sources */,
				6D13E41D27EC6E6300577DCD /* AccountType.swift in Sources */,
				6DD7875E281359FB0032F6AA /* GenericUser.swift in Sources */,
				6D39C4E627EA9B1F00CF69C0 /* InputFieldView.swift in Sources */,
				6DEE7F17281A22750059EB98 /* IbgeStateRegion.swift in Sources */,
				6D30C4922818C78600A099E2 /* IbgeService.swift in Sources */,
				6D20376927E958A200377838 /* SplashViewRouter.swift in Sources */,
				6D79D50827ED22D500F9E961 /* LoadingButtonViewData.swift in Sources */,
				6D857A0F28107CC4007D51CD /* SignInViewRouter.swift in Sources */,
				6D7EC537280FA16E0034C58D /* SignUpInteractor.swift in Sources */,
				6DD78753281357330032F6AA /* UserData.swift in Sources */,
				6D857A1728107F75007D51CD /* SignInRequest.swift in Sources */,
				6DD7876128135A890032F6AA /* GenericUserFactory.swift in Sources */,
				6D857A1328107EE1007D51CD /* SignInRemoteDataSource.swift in Sources */,
				6D6AD72727EFEA650041A9F1 /* SignInViewModel.swift in Sources */,
				6D3C6B5427EE715500F8F433 /* SignUpRequest.swift in Sources */,
				6D20377627E96B3600377838 /* SignUpViewRouter.swift in Sources */,
				6DEE7F14281A22350059EB98 /* IbgeCity.swift in Sources */,
				6DD787582813579B0032F6AA /* UserDataFactory.swift in Sources */,
				6D74BFD5280E4CBE00725883 /* ContentType.swift in Sources */,
				6D39C4E827EA9BC800CF69C0 /* InputFieldViewData.swift in Sources */,
				6D20376F27E96A4B00377838 /* SignUpView.swift in Sources */,
				6D857A212810A2E1007D51CD /* SignInInteractor.swift in Sources */,
				6D74BFC8280E492400725883 /* SignUpRemoteDataSource.swift in Sources */,
				6D6AD72427EFEA550041A9F1 /* SignInView.swift in Sources */,
				6D8DED9F27E6C5690062920E /* VenturaHRApp.swift in Sources */,
				6D74BFDD280E4D8100725883 /* HttpMethod.swift in Sources */,
				6D30C48F2818A29000A099E2 /* NetworkResult.swift in Sources */,
				6D285A7E27E80B1200FAED39 /* R.generated.swift in Sources */,
				6D39C4EA27EA9E2800CF69C0 /* CustomInputFieldStyle.swift in Sources */,
				6D20376327E9317400377838 /* SplashViewModel.swift in Sources */,
				6D4937FF27ED5977002AA2F7 /* UIState.swift in Sources */,
				6D69FDA22819F516003D2BDB /* IbgeState.swift in Sources */,
				6DD7874A2813503A0032F6AA /* MainViewModel.swift in Sources */,
				6DA8389C28118DDB009BE7F1 /* MainViewRouter.swift in Sources */,
				6DD7874E2813560B0032F6AA /* MainRemoteDataSource.swift in Sources */,
			);
			runOnlyForDeploymentPostprocessing = 0;
		};
/* End PBXSourcesBuildPhase section */

/* Begin XCBuildConfiguration section */
		6D8DEDA727E6C56D0062920E /* Debug */ = {
			isa = XCBuildConfiguration;
			buildSettings = {
				ALWAYS_SEARCH_USER_PATHS = NO;
				CLANG_ANALYZER_NONNULL = YES;
				CLANG_ANALYZER_NUMBER_OBJECT_CONVERSION = YES_AGGRESSIVE;
				CLANG_CXX_LANGUAGE_STANDARD = "gnu++17";
				CLANG_CXX_LIBRARY = "libc++";
				CLANG_ENABLE_MODULES = YES;
				CLANG_ENABLE_OBJC_ARC = YES;
				CLANG_ENABLE_OBJC_WEAK = YES;
				CLANG_WARN_BLOCK_CAPTURE_AUTORELEASING = YES;
				CLANG_WARN_BOOL_CONVERSION = YES;
				CLANG_WARN_COMMA = YES;
				CLANG_WARN_CONSTANT_CONVERSION = YES;
				CLANG_WARN_DEPRECATED_OBJC_IMPLEMENTATIONS = YES;
				CLANG_WARN_DIRECT_OBJC_ISA_USAGE = YES_ERROR;
				CLANG_WARN_DOCUMENTATION_COMMENTS = YES;
				CLANG_WARN_EMPTY_BODY = YES;
				CLANG_WARN_ENUM_CONVERSION = YES;
				CLANG_WARN_INFINITE_RECURSION = YES;
				CLANG_WARN_INT_CONVERSION = YES;
				CLANG_WARN_NON_LITERAL_NULL_CONVERSION = YES;
				CLANG_WARN_OBJC_IMPLICIT_RETAIN_SELF = YES;
				CLANG_WARN_OBJC_LITERAL_CONVERSION = YES;
				CLANG_WARN_OBJC_ROOT_CLASS = YES_ERROR;
				CLANG_WARN_QUOTED_INCLUDE_IN_FRAMEWORK_HEADER = YES;
				CLANG_WARN_RANGE_LOOP_ANALYSIS = YES;
				CLANG_WARN_STRICT_PROTOTYPES = YES;
				CLANG_WARN_SUSPICIOUS_MOVE = YES;
				CLANG_WARN_UNGUARDED_AVAILABILITY = YES_AGGRESSIVE;
				CLANG_WARN_UNREACHABLE_CODE = YES;
				CLANG_WARN__DUPLICATE_METHOD_MATCH = YES;
				COPY_PHASE_STRIP = NO;
				DEBUG_INFORMATION_FORMAT = dwarf;
				ENABLE_STRICT_OBJC_MSGSEND = YES;
				ENABLE_TESTABILITY = YES;
				GCC_C_LANGUAGE_STANDARD = gnu11;
				GCC_DYNAMIC_NO_PIC = NO;
				GCC_NO_COMMON_BLOCKS = YES;
				GCC_OPTIMIZATION_LEVEL = 0;
				GCC_PREPROCESSOR_DEFINITIONS = (
					"DEBUG=1",
					"$(inherited)",
				);
				GCC_WARN_64_TO_32_BIT_CONVERSION = YES;
				GCC_WARN_ABOUT_RETURN_TYPE = YES_ERROR;
				GCC_WARN_UNDECLARED_SELECTOR = YES;
				GCC_WARN_UNINITIALIZED_AUTOS = YES_AGGRESSIVE;
				GCC_WARN_UNUSED_FUNCTION = YES;
				GCC_WARN_UNUSED_VARIABLE = YES;
				IPHONEOS_DEPLOYMENT_TARGET = 15.2;
				MTL_ENABLE_DEBUG_INFO = INCLUDE_SOURCE;
				MTL_FAST_MATH = YES;
				ONLY_ACTIVE_ARCH = YES;
				SDKROOT = iphoneos;
				SWIFT_ACTIVE_COMPILATION_CONDITIONS = DEBUG;
				SWIFT_OPTIMIZATION_LEVEL = "-Onone";
			};
			name = Debug;
		};
		6D8DEDA827E6C56D0062920E /* Release */ = {
			isa = XCBuildConfiguration;
			buildSettings = {
				ALWAYS_SEARCH_USER_PATHS = NO;
				CLANG_ANALYZER_NONNULL = YES;
				CLANG_ANALYZER_NUMBER_OBJECT_CONVERSION = YES_AGGRESSIVE;
				CLANG_CXX_LANGUAGE_STANDARD = "gnu++17";
				CLANG_CXX_LIBRARY = "libc++";
				CLANG_ENABLE_MODULES = YES;
				CLANG_ENABLE_OBJC_ARC = YES;
				CLANG_ENABLE_OBJC_WEAK = YES;
				CLANG_WARN_BLOCK_CAPTURE_AUTORELEASING = YES;
				CLANG_WARN_BOOL_CONVERSION = YES;
				CLANG_WARN_COMMA = YES;
				CLANG_WARN_CONSTANT_CONVERSION = YES;
				CLANG_WARN_DEPRECATED_OBJC_IMPLEMENTATIONS = YES;
				CLANG_WARN_DIRECT_OBJC_ISA_USAGE = YES_ERROR;
				CLANG_WARN_DOCUMENTATION_COMMENTS = YES;
				CLANG_WARN_EMPTY_BODY = YES;
				CLANG_WARN_ENUM_CONVERSION = YES;
				CLANG_WARN_INFINITE_RECURSION = YES;
				CLANG_WARN_INT_CONVERSION = YES;
				CLANG_WARN_NON_LITERAL_NULL_CONVERSION = YES;
				CLANG_WARN_OBJC_IMPLICIT_RETAIN_SELF = YES;
				CLANG_WARN_OBJC_LITERAL_CONVERSION = YES;
				CLANG_WARN_OBJC_ROOT_CLASS = YES_ERROR;
				CLANG_WARN_QUOTED_INCLUDE_IN_FRAMEWORK_HEADER = YES;
				CLANG_WARN_RANGE_LOOP_ANALYSIS = YES;
				CLANG_WARN_STRICT_PROTOTYPES = YES;
				CLANG_WARN_SUSPICIOUS_MOVE = YES;
				CLANG_WARN_UNGUARDED_AVAILABILITY = YES_AGGRESSIVE;
				CLANG_WARN_UNREACHABLE_CODE = YES;
				CLANG_WARN__DUPLICATE_METHOD_MATCH = YES;
				COPY_PHASE_STRIP = NO;
				DEBUG_INFORMATION_FORMAT = "dwarf-with-dsym";
				ENABLE_NS_ASSERTIONS = NO;
				ENABLE_STRICT_OBJC_MSGSEND = YES;
				GCC_C_LANGUAGE_STANDARD = gnu11;
				GCC_NO_COMMON_BLOCKS = YES;
				GCC_WARN_64_TO_32_BIT_CONVERSION = YES;
				GCC_WARN_ABOUT_RETURN_TYPE = YES_ERROR;
				GCC_WARN_UNDECLARED_SELECTOR = YES;
				GCC_WARN_UNINITIALIZED_AUTOS = YES_AGGRESSIVE;
				GCC_WARN_UNUSED_FUNCTION = YES;
				GCC_WARN_UNUSED_VARIABLE = YES;
				IPHONEOS_DEPLOYMENT_TARGET = 15.2;
				MTL_ENABLE_DEBUG_INFO = NO;
				MTL_FAST_MATH = YES;
				SDKROOT = iphoneos;
				SWIFT_COMPILATION_MODE = wholemodule;
				SWIFT_OPTIMIZATION_LEVEL = "-O";
				VALIDATE_PRODUCT = YES;
			};
			name = Release;
		};
		6D8DEDAA27E6C56D0062920E /* Debug */ = {
			isa = XCBuildConfiguration;
			baseConfigurationReference = 367C572D40E9D82E652C2C04 /* Pods-VenturaHR.debug.xcconfig */;
			buildSettings = {
				ASSETCATALOG_COMPILER_APPICON_NAME = AppIcon;
				ASSETCATALOG_COMPILER_GLOBAL_ACCENT_COLOR_NAME = AccentColor;
				CODE_SIGN_IDENTITY = "Apple Development";
				CODE_SIGN_STYLE = Automatic;
				CURRENT_PROJECT_VERSION = 1;
				DEVELOPMENT_ASSET_PATHS = "\"VenturaHR/Preview Content\"";
				DEVELOPMENT_TEAM = 5VN324YR98;
				ENABLE_PREVIEWS = YES;
				GENERATE_INFOPLIST_FILE = YES;
				INFOPLIST_KEY_UIApplicationSceneManifest_Generation = YES;
				INFOPLIST_KEY_UIApplicationSupportsIndirectInputEvents = YES;
				INFOPLIST_KEY_UILaunchScreen_Generation = YES;
				INFOPLIST_KEY_UISupportedInterfaceOrientations = UIInterfaceOrientationPortrait;
				INFOPLIST_KEY_UISupportedInterfaceOrientations_iPad = "UIInterfaceOrientationPortrait UIInterfaceOrientationPortraitUpsideDown UIInterfaceOrientationLandscapeLeft UIInterfaceOrientationLandscapeRight";
				INFOPLIST_KEY_UISupportedInterfaceOrientations_iPhone = "UIInterfaceOrientationPortrait UIInterfaceOrientationLandscapeLeft UIInterfaceOrientationLandscapeRight";
				LD_RUNPATH_SEARCH_PATHS = (
					"$(inherited)",
					"@executable_path/Frameworks",
				);
				MARKETING_VERSION = 1.0;
				PRODUCT_BUNDLE_IDENTIFIER = com.matheusevangelista.VenturaHR;
				PRODUCT_NAME = "$(TARGET_NAME)";
				PROVISIONING_PROFILE_SPECIFIER = "";
				SWIFT_EMIT_LOC_STRINGS = YES;
				SWIFT_VERSION = 5.0;
				TARGETED_DEVICE_FAMILY = "1,2";
			};
			name = Debug;
		};
		6D8DEDAB27E6C56D0062920E /* Release */ = {
			isa = XCBuildConfiguration;
			baseConfigurationReference = 77DFB3AFE143170AB14ABDA9 /* Pods-VenturaHR.release.xcconfig */;
			buildSettings = {
				ASSETCATALOG_COMPILER_APPICON_NAME = AppIcon;
				ASSETCATALOG_COMPILER_GLOBAL_ACCENT_COLOR_NAME = AccentColor;
				CODE_SIGN_IDENTITY = "Apple Development";
				CODE_SIGN_STYLE = Automatic;
				CURRENT_PROJECT_VERSION = 1;
				DEVELOPMENT_ASSET_PATHS = "\"VenturaHR/Preview Content\"";
				DEVELOPMENT_TEAM = 5VN324YR98;
				ENABLE_PREVIEWS = YES;
				GENERATE_INFOPLIST_FILE = YES;
				INFOPLIST_KEY_UIApplicationSceneManifest_Generation = YES;
				INFOPLIST_KEY_UIApplicationSupportsIndirectInputEvents = YES;
				INFOPLIST_KEY_UILaunchScreen_Generation = YES;
				INFOPLIST_KEY_UISupportedInterfaceOrientations = UIInterfaceOrientationPortrait;
				INFOPLIST_KEY_UISupportedInterfaceOrientations_iPad = "UIInterfaceOrientationPortrait UIInterfaceOrientationPortraitUpsideDown UIInterfaceOrientationLandscapeLeft UIInterfaceOrientationLandscapeRight";
				INFOPLIST_KEY_UISupportedInterfaceOrientations_iPhone = "UIInterfaceOrientationPortrait UIInterfaceOrientationLandscapeLeft UIInterfaceOrientationLandscapeRight";
				LD_RUNPATH_SEARCH_PATHS = (
					"$(inherited)",
					"@executable_path/Frameworks",
				);
				MARKETING_VERSION = 1.0;
				PRODUCT_BUNDLE_IDENTIFIER = com.matheusevangelista.VenturaHR;
				PRODUCT_NAME = "$(TARGET_NAME)";
				PROVISIONING_PROFILE_SPECIFIER = "";
				SWIFT_EMIT_LOC_STRINGS = YES;
				SWIFT_VERSION = 5.0;
				TARGETED_DEVICE_FAMILY = "1,2";
			};
			name = Release;
		};
/* End XCBuildConfiguration section */

/* Begin XCConfigurationList section */
		6D8DED9627E6C5690062920E /* Build configuration list for PBXProject "VenturaHR" */ = {
			isa = XCConfigurationList;
			buildConfigurations = (
				6D8DEDA727E6C56D0062920E /* Debug */,
				6D8DEDA827E6C56D0062920E /* Release */,
			);
			defaultConfigurationIsVisible = 0;
			defaultConfigurationName = Release;
		};
		6D8DEDA927E6C56D0062920E /* Build configuration list for PBXNativeTarget "VenturaHR" */ = {
			isa = XCConfigurationList;
			buildConfigurations = (
				6D8DEDAA27E6C56D0062920E /* Debug */,
				6D8DEDAB27E6C56D0062920E /* Release */,
			);
			defaultConfigurationIsVisible = 0;
			defaultConfigurationName = Release;
		};
/* End XCConfigurationList section */
	};
	rootObject = 6D8DED9327E6C5690062920E /* Project object */;
}
