// !$*UTF8*$!
{
	archiveVersion = 1;
	classes = {
	};
	objectVersion = 55;
	objects = {

/* Begin PBXBuildFile section */
		6D20375F27E918FE00377838 /* SplashView.swift in Sources */ = {isa = PBXBuildFile; fileRef = 6D20375E27E918FE00377838 /* SplashView.swift */; };
		6D20376327E9317400377838 /* SplashViewModel.swift in Sources */ = {isa = PBXBuildFile; fileRef = 6D20376227E9317400377838 /* SplashViewModel.swift */; };
		6D20376527E931BE00377838 /* SplashUIState.swift in Sources */ = {isa = PBXBuildFile; fileRef = 6D20376427E931BE00377838 /* SplashUIState.swift */; };
		6D20376927E958A200377838 /* SplashViewRouter.swift in Sources */ = {isa = PBXBuildFile; fileRef = 6D20376827E958A200377838 /* SplashViewRouter.swift */; };
		6D20376C27E9596900377838 /* LandingView.swift in Sources */ = {isa = PBXBuildFile; fileRef = 6D20376B27E9596900377838 /* LandingView.swift */; };
		6D285A7C27E80AB900FAED39 /* Localizable.strings in Resources */ = {isa = PBXBuildFile; fileRef = 6D285A7B27E80AB900FAED39 /* Localizable.strings */; };
		6D285A7E27E80B1200FAED39 /* R.generated.swift in Sources */ = {isa = PBXBuildFile; fileRef = 6D285A7D27E80B1200FAED39 /* R.generated.swift */; };
		6D8DED9F27E6C5690062920E /* VenturaHRApp.swift in Sources */ = {isa = PBXBuildFile; fileRef = 6D8DED9E27E6C5690062920E /* VenturaHRApp.swift */; };
		6D8DEDA327E6C56D0062920E /* Assets.xcassets in Resources */ = {isa = PBXBuildFile; fileRef = 6D8DEDA227E6C56D0062920E /* Assets.xcassets */; };
		6D8DEDA627E6C56D0062920E /* Preview Assets.xcassets in Resources */ = {isa = PBXBuildFile; fileRef = 6D8DEDA527E6C56D0062920E /* Preview Assets.xcassets */; };
		B7763B4356AC9C628C04E6A2 /* Pods_VenturaHR.framework in Frameworks */ = {isa = PBXBuildFile; fileRef = 3EE5AED728E6F0D6D7A72B29 /* Pods_VenturaHR.framework */; };
/* End PBXBuildFile section */

/* Begin PBXFileReference section */
		367C572D40E9D82E652C2C04 /* Pods-VenturaHR.debug.xcconfig */ = {isa = PBXFileReference; includeInIndex = 1; lastKnownFileType = text.xcconfig; name = "Pods-VenturaHR.debug.xcconfig"; path = "Target Support Files/Pods-VenturaHR/Pods-VenturaHR.debug.xcconfig"; sourceTree = "<group>"; };
		3EE5AED728E6F0D6D7A72B29 /* Pods_VenturaHR.framework */ = {isa = PBXFileReference; explicitFileType = wrapper.framework; includeInIndex = 0; path = Pods_VenturaHR.framework; sourceTree = BUILT_PRODUCTS_DIR; };
		6D20375E27E918FE00377838 /* SplashView.swift */ = {isa = PBXFileReference; lastKnownFileType = sourcecode.swift; path = SplashView.swift; sourceTree = "<group>"; };
		6D20376227E9317400377838 /* SplashViewModel.swift */ = {isa = PBXFileReference; lastKnownFileType = sourcecode.swift; path = SplashViewModel.swift; sourceTree = "<group>"; };
		6D20376427E931BE00377838 /* SplashUIState.swift */ = {isa = PBXFileReference; lastKnownFileType = sourcecode.swift; path = SplashUIState.swift; sourceTree = "<group>"; };
		6D20376827E958A200377838 /* SplashViewRouter.swift */ = {isa = PBXFileReference; lastKnownFileType = sourcecode.swift; path = SplashViewRouter.swift; sourceTree = "<group>"; };
		6D20376B27E9596900377838 /* LandingView.swift */ = {isa = PBXFileReference; lastKnownFileType = sourcecode.swift; path = LandingView.swift; sourceTree = "<group>"; };
		6D285A7B27E80AB900FAED39 /* Localizable.strings */ = {isa = PBXFileReference; lastKnownFileType = text.plist.strings; path = Localizable.strings; sourceTree = "<group>"; };
		6D285A7D27E80B1200FAED39 /* R.generated.swift */ = {isa = PBXFileReference; fileEncoding = 4; lastKnownFileType = sourcecode.swift; path = R.generated.swift; sourceTree = "<group>"; };
		6D8DED9B27E6C5690062920E /* VenturaHR.app */ = {isa = PBXFileReference; explicitFileType = wrapper.application; includeInIndex = 0; path = VenturaHR.app; sourceTree = BUILT_PRODUCTS_DIR; };
		6D8DED9E27E6C5690062920E /* VenturaHRApp.swift */ = {isa = PBXFileReference; lastKnownFileType = sourcecode.swift; path = VenturaHRApp.swift; sourceTree = "<group>"; };
		6D8DEDA227E6C56D0062920E /* Assets.xcassets */ = {isa = PBXFileReference; lastKnownFileType = folder.assetcatalog; path = Assets.xcassets; sourceTree = "<group>"; };
		6D8DEDA527E6C56D0062920E /* Preview Assets.xcassets */ = {isa = PBXFileReference; lastKnownFileType = folder.assetcatalog; path = "Preview Assets.xcassets"; sourceTree = "<group>"; };
		77DFB3AFE143170AB14ABDA9 /* Pods-VenturaHR.release.xcconfig */ = {isa = PBXFileReference; includeInIndex = 1; lastKnownFileType = text.xcconfig; name = "Pods-VenturaHR.release.xcconfig"; path = "Target Support Files/Pods-VenturaHR/Pods-VenturaHR.release.xcconfig"; sourceTree = "<group>"; };
/* End PBXFileReference section */

/* Begin PBXFrameworksBuildPhase section */
		6D8DED9827E6C5690062920E /* Frameworks */ = {
			isa = PBXFrameworksBuildPhase;
			buildActionMask = 2147483647;
			files = (
				B7763B4356AC9C628C04E6A2 /* Pods_VenturaHR.framework in Frameworks */,
			);
			runOnlyForDeploymentPostprocessing = 0;
		};
/* End PBXFrameworksBuildPhase section */

/* Begin PBXGroup section */
		13CFE897EAEEE7C33384E571 /* Frameworks */ = {
			isa = PBXGroup;
			children = (
				3EE5AED728E6F0D6D7A72B29 /* Pods_VenturaHR.framework */,
			);
			name = Frameworks;
			sourceTree = "<group>";
		};
		6D20375B27E918A100377838 /* Modules */ = {
			isa = PBXGroup;
			children = (
				6D20376A27E9595200377838 /* Landing */,
				6D20375C27E918C300377838 /* Splash */,
			);
			path = Modules;
			sourceTree = "<group>";
		};
		6D20375C27E918C300377838 /* Splash */ = {
			isa = PBXGroup;
			children = (
				6D20376627E9588900377838 /* Router */,
				6D20376127E9309100377838 /* Model */,
				6D20375D27E918CD00377838 /* View */,
				6D20376027E9308800377838 /* ViewModel */,
			);
			path = Splash;
			sourceTree = "<group>";
		};
		6D20375D27E918CD00377838 /* View */ = {
			isa = PBXGroup;
			children = (
				6D20375E27E918FE00377838 /* SplashView.swift */,
			);
			path = View;
			sourceTree = "<group>";
		};
		6D20376027E9308800377838 /* ViewModel */ = {
			isa = PBXGroup;
			children = (
				6D20376227E9317400377838 /* SplashViewModel.swift */,
			);
			path = ViewModel;
			sourceTree = "<group>";
		};
		6D20376127E9309100377838 /* Model */ = {
			isa = PBXGroup;
			children = (
				6D20376427E931BE00377838 /* SplashUIState.swift */,
			);
			path = Model;
			sourceTree = "<group>";
		};
		6D20376627E9588900377838 /* Router */ = {
			isa = PBXGroup;
			children = (
				6D20376827E958A200377838 /* SplashViewRouter.swift */,
			);
			path = Router;
			sourceTree = "<group>";
		};
		6D20376A27E9595200377838 /* Landing */ = {
			isa = PBXGroup;
			children = (
				6D20376B27E9596900377838 /* LandingView.swift */,
			);
			path = Landing;
			sourceTree = "<group>";
		};
		6D285A7427E7F95D00FAED39 /* Application */ = {
			isa = PBXGroup;
			children = (
				6D8DED9E27E6C5690062920E /* VenturaHRApp.swift */,
			);
			path = Application;
			sourceTree = "<group>";
		};
		6D285A7527E7FB7400FAED39 /* Assets */ = {
			isa = PBXGroup;
			children = (
				6D8DEDA227E6C56D0062920E /* Assets.xcassets */,
			);
			path = Assets;
			sourceTree = "<group>";
		};
		6D285A7A27E80A9500FAED39 /* String */ = {
			isa = PBXGroup;
			children = (
				6D285A7B27E80AB900FAED39 /* Localizable.strings */,
			);
			path = String;
			sourceTree = "<group>";
		};
		6D8DED9227E6C5690062920E = {
			isa = PBXGroup;
			children = (
				13CFE897EAEEE7C33384E571 /* Frameworks */,
				B6F27D23D4F2F266013A7E46 /* Pods */,
				6D8DED9C27E6C5690062920E /* Products */,
				6D8DED9D27E6C5690062920E /* VenturaHR */,
			);
			sourceTree = "<group>";
		};
		6D8DED9C27E6C5690062920E /* Products */ = {
			isa = PBXGroup;
			children = (
				6D8DED9B27E6C5690062920E /* VenturaHR.app */,
			);
			name = Products;
			sourceTree = "<group>";
		};
		6D8DED9D27E6C5690062920E /* VenturaHR */ = {
			isa = PBXGroup;
			children = (
				6D8DEDA427E6C56D0062920E /* Preview Content */,
				6D8DEDAC27E6C90D0062920E /* Resources */,
				6D8DEDAD27E6C9170062920E /* Sources */,
			);
			path = VenturaHR;
			sourceTree = "<group>";
		};
		6D8DEDA427E6C56D0062920E /* Preview Content */ = {
			isa = PBXGroup;
			children = (
				6D8DEDA527E6C56D0062920E /* Preview Assets.xcassets */,
			);
			path = "Preview Content";
			sourceTree = "<group>";
		};
		6D8DEDAC27E6C90D0062920E /* Resources */ = {
			isa = PBXGroup;
			children = (
				6D285A7527E7FB7400FAED39 /* Assets */,
				6D285A7A27E80A9500FAED39 /* String */,
				6D285A7D27E80B1200FAED39 /* R.generated.swift */,
			);
			path = Resources;
			sourceTree = "<group>";
		};
		6D8DEDAD27E6C9170062920E /* Sources */ = {
			isa = PBXGroup;
			children = (
				6D285A7427E7F95D00FAED39 /* Application */,
				6D20375B27E918A100377838 /* Modules */,
			);
			path = Sources;
			sourceTree = "<group>";
		};
		B6F27D23D4F2F266013A7E46 /* Pods */ = {
			isa = PBXGroup;
			children = (
				367C572D40E9D82E652C2C04 /* Pods-VenturaHR.debug.xcconfig */,
				77DFB3AFE143170AB14ABDA9 /* Pods-VenturaHR.release.xcconfig */,
			);
			path = Pods;
			sourceTree = "<group>";
		};
/* End PBXGroup section */

/* Begin PBXNativeTarget section */
		6D8DED9A27E6C5690062920E /* VenturaHR */ = {
			isa = PBXNativeTarget;
			buildConfigurationList = 6D8DEDA927E6C56D0062920E /* Build configuration list for PBXNativeTarget "VenturaHR" */;
			buildPhases = (
				C683818820F591391B0A998C /* [CP] Check Pods Manifest.lock */,
				6D285A7727E8048300FAED39 /* R.Swift */,
				6D8DED9727E6C5690062920E /* Sources */,
				6D8DED9827E6C5690062920E /* Frameworks */,
				6D8DED9927E6C5690062920E /* Resources */,
				626A1374E51F6C725F48A015 /* [CP] Embed Pods Frameworks */,
			);
			buildRules = (
			);
			dependencies = (
			);
			name = VenturaHR;
			productName = VenturaHR;
			productReference = 6D8DED9B27E6C5690062920E /* VenturaHR.app */;
			productType = "com.apple.product-type.application";
		};
/* End PBXNativeTarget section */

/* Begin PBXProject section */
		6D8DED9327E6C5690062920E /* Project object */ = {
			isa = PBXProject;
			attributes = {
				BuildIndependentTargetsInParallel = 1;
				LastSwiftUpdateCheck = 1320;
				LastUpgradeCheck = 1320;
				TargetAttributes = {
					6D8DED9A27E6C5690062920E = {
						CreatedOnToolsVersion = 13.2.1;
					};
				};
			};
			buildConfigurationList = 6D8DED9627E6C5690062920E /* Build configuration list for PBXProject "VenturaHR" */;
			compatibilityVersion = "Xcode 13.0";
			developmentRegion = en;
			hasScannedForEncodings = 0;
			knownRegions = (
				en,
				Base,
			);
			mainGroup = 6D8DED9227E6C5690062920E;
			productRefGroup = 6D8DED9C27E6C5690062920E /* Products */;
			projectDirPath = "";
			projectRoot = "";
			targets = (
				6D8DED9A27E6C5690062920E /* VenturaHR */,
			);
		};
/* End PBXProject section */

/* Begin PBXResourcesBuildPhase section */
		6D8DED9927E6C5690062920E /* Resources */ = {
			isa = PBXResourcesBuildPhase;
			buildActionMask = 2147483647;
			files = (
				6D8DEDA627E6C56D0062920E /* Preview Assets.xcassets in Resources */,
				6D285A7C27E80AB900FAED39 /* Localizable.strings in Resources */,
				6D8DEDA327E6C56D0062920E /* Assets.xcassets in Resources */,
			);
			runOnlyForDeploymentPostprocessing = 0;
		};
/* End PBXResourcesBuildPhase section */

/* Begin PBXShellScriptBuildPhase section */
		626A1374E51F6C725F48A015 /* [CP] Embed Pods Frameworks */ = {
			isa = PBXShellScriptBuildPhase;
			buildActionMask = 2147483647;
			files = (
			);
			inputFileListPaths = (
				"${PODS_ROOT}/Target Support Files/Pods-VenturaHR/Pods-VenturaHR-frameworks-${CONFIGURATION}-input-files.xcfilelist",
			);
			name = "[CP] Embed Pods Frameworks";
			outputFileListPaths = (
				"${PODS_ROOT}/Target Support Files/Pods-VenturaHR/Pods-VenturaHR-frameworks-${CONFIGURATION}-output-files.xcfilelist",
			);
			runOnlyForDeploymentPostprocessing = 0;
			shellPath = /bin/sh;
			shellScript = "\"${PODS_ROOT}/Target Support Files/Pods-VenturaHR/Pods-VenturaHR-frameworks.sh\"\n";
			showEnvVarsInLog = 0;
		};
		6D285A7727E8048300FAED39 /* R.Swift */ = {
			isa = PBXShellScriptBuildPhase;
			alwaysOutOfDate = 1;
			buildActionMask = 2147483647;
			files = (
			);
			inputFileListPaths = (
			);
			inputPaths = (
				"$TEMP_DIR/rswift-lastrun",
			);
			name = R.Swift;
			outputFileListPaths = (
			);
			outputPaths = (
				$SRCROOT/VenturaHR/Resources/R.generated.swift,
			);
			runOnlyForDeploymentPostprocessing = 0;
			shellPath = /bin/sh;
			shellScript = "\"$PODS_ROOT/R.swift/rswift\" generate \"$SRCROOT/VenturaHR/Resources/R.generated.swift\"\n";
		};
		C683818820F591391B0A998C /* [CP] Check Pods Manifest.lock */ = {
			isa = PBXShellScriptBuildPhase;
			buildActionMask = 2147483647;
			files = (
			);
			inputFileListPaths = (
			);
			inputPaths = (
				"${PODS_PODFILE_DIR_PATH}/Podfile.lock",
				"${PODS_ROOT}/Manifest.lock",
			);
			name = "[CP] Check Pods Manifest.lock";
			outputFileListPaths = (
			);
			outputPaths = (
				"$(DERIVED_FILE_DIR)/Pods-VenturaHR-checkManifestLockResult.txt",
			);
			runOnlyForDeploymentPostprocessing = 0;
			shellPath = /bin/sh;
			shellScript = "diff \"${PODS_PODFILE_DIR_PATH}/Podfile.lock\" \"${PODS_ROOT}/Manifest.lock\" > /dev/null\nif [ $? != 0 ] ; then\n    # print error to STDERR\n    echo \"error: The sandbox is not in sync with the Podfile.lock. Run 'pod install' or update your CocoaPods installation.\" >&2\n    exit 1\nfi\n# This output is used by Xcode 'outputs' to avoid re-running this script phase.\necho \"SUCCESS\" > \"${SCRIPT_OUTPUT_FILE_0}\"\n";
			showEnvVarsInLog = 0;
		};
/* End PBXShellScriptBuildPhase section */

/* Begin PBXSourcesBuildPhase section */
		6D8DED9727E6C5690062920E /* Sources */ = {
			isa = PBXSourcesBuildPhase;
			buildActionMask = 2147483647;
			files = (
				6D20376527E931BE00377838 /* SplashUIState.swift in Sources */,
				6D20375F27E918FE00377838 /* SplashView.swift in Sources */,
				6D20376C27E9596900377838 /* LandingView.swift in Sources */,
				6D20376927E958A200377838 /* SplashViewRouter.swift in Sources */,
				6D8DED9F27E6C5690062920E /* VenturaHRApp.swift in Sources */,
				6D285A7E27E80B1200FAED39 /* R.generated.swift in Sources */,
				6D20376327E9317400377838 /* SplashViewModel.swift in Sources */,
			);
			runOnlyForDeploymentPostprocessing = 0;
		};
/* End PBXSourcesBuildPhase section */

/* Begin XCBuildConfiguration section */
		6D8DEDA727E6C56D0062920E /* Debug */ = {
			isa = XCBuildConfiguration;
			buildSettings = {
				ALWAYS_SEARCH_USER_PATHS = NO;
				CLANG_ANALYZER_NONNULL = YES;
				CLANG_ANALYZER_NUMBER_OBJECT_CONVERSION = YES_AGGRESSIVE;
				CLANG_CXX_LANGUAGE_STANDARD = "gnu++17";
				CLANG_CXX_LIBRARY = "libc++";
				CLANG_ENABLE_MODULES = YES;
				CLANG_ENABLE_OBJC_ARC = YES;
				CLANG_ENABLE_OBJC_WEAK = YES;
				CLANG_WARN_BLOCK_CAPTURE_AUTORELEASING = YES;
				CLANG_WARN_BOOL_CONVERSION = YES;
				CLANG_WARN_COMMA = YES;
				CLANG_WARN_CONSTANT_CONVERSION = YES;
				CLANG_WARN_DEPRECATED_OBJC_IMPLEMENTATIONS = YES;
				CLANG_WARN_DIRECT_OBJC_ISA_USAGE = YES_ERROR;
				CLANG_WARN_DOCUMENTATION_COMMENTS = YES;
				CLANG_WARN_EMPTY_BODY = YES;
				CLANG_WARN_ENUM_CONVERSION = YES;
				CLANG_WARN_INFINITE_RECURSION = YES;
				CLANG_WARN_INT_CONVERSION = YES;
				CLANG_WARN_NON_LITERAL_NULL_CONVERSION = YES;
				CLANG_WARN_OBJC_IMPLICIT_RETAIN_SELF = YES;
				CLANG_WARN_OBJC_LITERAL_CONVERSION = YES;
				CLANG_WARN_OBJC_ROOT_CLASS = YES_ERROR;
				CLANG_WARN_QUOTED_INCLUDE_IN_FRAMEWORK_HEADER = YES;
				CLANG_WARN_RANGE_LOOP_ANALYSIS = YES;
				CLANG_WARN_STRICT_PROTOTYPES = YES;
				CLANG_WARN_SUSPICIOUS_MOVE = YES;
				CLANG_WARN_UNGUARDED_AVAILABILITY = YES_AGGRESSIVE;
				CLANG_WARN_UNREACHABLE_CODE = YES;
				CLANG_WARN__DUPLICATE_METHOD_MATCH = YES;
				COPY_PHASE_STRIP = NO;
				DEBUG_INFORMATION_FORMAT = dwarf;
				ENABLE_STRICT_OBJC_MSGSEND = YES;
				ENABLE_TESTABILITY = YES;
				GCC_C_LANGUAGE_STANDARD = gnu11;
				GCC_DYNAMIC_NO_PIC = NO;
				GCC_NO_COMMON_BLOCKS = YES;
				GCC_OPTIMIZATION_LEVEL = 0;
				GCC_PREPROCESSOR_DEFINITIONS = (
					"DEBUG=1",
					"$(inherited)",
				);
				GCC_WARN_64_TO_32_BIT_CONVERSION = YES;
				GCC_WARN_ABOUT_RETURN_TYPE = YES_ERROR;
				GCC_WARN_UNDECLARED_SELECTOR = YES;
				GCC_WARN_UNINITIALIZED_AUTOS = YES_AGGRESSIVE;
				GCC_WARN_UNUSED_FUNCTION = YES;
				GCC_WARN_UNUSED_VARIABLE = YES;
				IPHONEOS_DEPLOYMENT_TARGET = 15.2;
				MTL_ENABLE_DEBUG_INFO = INCLUDE_SOURCE;
				MTL_FAST_MATH = YES;
				ONLY_ACTIVE_ARCH = YES;
				SDKROOT = iphoneos;
				SWIFT_ACTIVE_COMPILATION_CONDITIONS = DEBUG;
				SWIFT_OPTIMIZATION_LEVEL = "-Onone";
			};
			name = Debug;
		};
		6D8DEDA827E6C56D0062920E /* Release */ = {
			isa = XCBuildConfiguration;
			buildSettings = {
				ALWAYS_SEARCH_USER_PATHS = NO;
				CLANG_ANALYZER_NONNULL = YES;
				CLANG_ANALYZER_NUMBER_OBJECT_CONVERSION = YES_AGGRESSIVE;
				CLANG_CXX_LANGUAGE_STANDARD = "gnu++17";
				CLANG_CXX_LIBRARY = "libc++";
				CLANG_ENABLE_MODULES = YES;
				CLANG_ENABLE_OBJC_ARC = YES;
				CLANG_ENABLE_OBJC_WEAK = YES;
				CLANG_WARN_BLOCK_CAPTURE_AUTORELEASING = YES;
				CLANG_WARN_BOOL_CONVERSION = YES;
				CLANG_WARN_COMMA = YES;
				CLANG_WARN_CONSTANT_CONVERSION = YES;
				CLANG_WARN_DEPRECATED_OBJC_IMPLEMENTATIONS = YES;
				CLANG_WARN_DIRECT_OBJC_ISA_USAGE = YES_ERROR;
				CLANG_WARN_DOCUMENTATION_COMMENTS = YES;
				CLANG_WARN_EMPTY_BODY = YES;
				CLANG_WARN_ENUM_CONVERSION = YES;
				CLANG_WARN_INFINITE_RECURSION = YES;
				CLANG_WARN_INT_CONVERSION = YES;
				CLANG_WARN_NON_LITERAL_NULL_CONVERSION = YES;
				CLANG_WARN_OBJC_IMPLICIT_RETAIN_SELF = YES;
				CLANG_WARN_OBJC_LITERAL_CONVERSION = YES;
				CLANG_WARN_OBJC_ROOT_CLASS = YES_ERROR;
				CLANG_WARN_QUOTED_INCLUDE_IN_FRAMEWORK_HEADER = YES;
				CLANG_WARN_RANGE_LOOP_ANALYSIS = YES;
				CLANG_WARN_STRICT_PROTOTYPES = YES;
				CLANG_WARN_SUSPICIOUS_MOVE = YES;
				CLANG_WARN_UNGUARDED_AVAILABILITY = YES_AGGRESSIVE;
				CLANG_WARN_UNREACHABLE_CODE = YES;
				CLANG_WARN__DUPLICATE_METHOD_MATCH = YES;
				COPY_PHASE_STRIP = NO;
				DEBUG_INFORMATION_FORMAT = "dwarf-with-dsym";
				ENABLE_NS_ASSERTIONS = NO;
				ENABLE_STRICT_OBJC_MSGSEND = YES;
				GCC_C_LANGUAGE_STANDARD = gnu11;
				GCC_NO_COMMON_BLOCKS = YES;
				GCC_WARN_64_TO_32_BIT_CONVERSION = YES;
				GCC_WARN_ABOUT_RETURN_TYPE = YES_ERROR;
				GCC_WARN_UNDECLARED_SELECTOR = YES;
				GCC_WARN_UNINITIALIZED_AUTOS = YES_AGGRESSIVE;
				GCC_WARN_UNUSED_FUNCTION = YES;
				GCC_WARN_UNUSED_VARIABLE = YES;
				IPHONEOS_DEPLOYMENT_TARGET = 15.2;
				MTL_ENABLE_DEBUG_INFO = NO;
				MTL_FAST_MATH = YES;
				SDKROOT = iphoneos;
				SWIFT_COMPILATION_MODE = wholemodule;
				SWIFT_OPTIMIZATION_LEVEL = "-O";
				VALIDATE_PRODUCT = YES;
			};
			name = Release;
		};
		6D8DEDAA27E6C56D0062920E /* Debug */ = {
			isa = XCBuildConfiguration;
			baseConfigurationReference = 367C572D40E9D82E652C2C04 /* Pods-VenturaHR.debug.xcconfig */;
			buildSettings = {
				ASSETCATALOG_COMPILER_APPICON_NAME = AppIcon;
				ASSETCATALOG_COMPILER_GLOBAL_ACCENT_COLOR_NAME = AccentColor;
				CODE_SIGN_STYLE = Automatic;
				CURRENT_PROJECT_VERSION = 1;
				DEVELOPMENT_ASSET_PATHS = "\"VenturaHR/Preview Content\"";
				DEVELOPMENT_TEAM = 5VN324YR98;
				ENABLE_PREVIEWS = YES;
				GENERATE_INFOPLIST_FILE = YES;
				INFOPLIST_KEY_UIApplicationSceneManifest_Generation = YES;
				INFOPLIST_KEY_UIApplicationSupportsIndirectInputEvents = YES;
				INFOPLIST_KEY_UILaunchScreen_Generation = YES;
				INFOPLIST_KEY_UISupportedInterfaceOrientations = UIInterfaceOrientationPortrait;
				INFOPLIST_KEY_UISupportedInterfaceOrientations_iPad = "UIInterfaceOrientationPortrait UIInterfaceOrientationPortraitUpsideDown UIInterfaceOrientationLandscapeLeft UIInterfaceOrientationLandscapeRight";
				INFOPLIST_KEY_UISupportedInterfaceOrientations_iPhone = "UIInterfaceOrientationPortrait UIInterfaceOrientationLandscapeLeft UIInterfaceOrientationLandscapeRight";
				LD_RUNPATH_SEARCH_PATHS = (
					"$(inherited)",
					"@executable_path/Frameworks",
				);
				MARKETING_VERSION = 1.0;
				PRODUCT_BUNDLE_IDENTIFIER = com.matheusevangelista.VenturaHR;
				PRODUCT_NAME = "$(TARGET_NAME)";
				SWIFT_EMIT_LOC_STRINGS = YES;
				SWIFT_VERSION = 5.0;
				TARGETED_DEVICE_FAMILY = "1,2";
			};
			name = Debug;
		};
		6D8DEDAB27E6C56D0062920E /* Release */ = {
			isa = XCBuildConfiguration;
			baseConfigurationReference = 77DFB3AFE143170AB14ABDA9 /* Pods-VenturaHR.release.xcconfig */;
			buildSettings = {
				ASSETCATALOG_COMPILER_APPICON_NAME = AppIcon;
				ASSETCATALOG_COMPILER_GLOBAL_ACCENT_COLOR_NAME = AccentColor;
				CODE_SIGN_STYLE = Automatic;
				CURRENT_PROJECT_VERSION = 1;
				DEVELOPMENT_ASSET_PATHS = "\"VenturaHR/Preview Content\"";
				DEVELOPMENT_TEAM = 5VN324YR98;
				ENABLE_PREVIEWS = YES;
				GENERATE_INFOPLIST_FILE = YES;
				INFOPLIST_KEY_UIApplicationSceneManifest_Generation = YES;
				INFOPLIST_KEY_UIApplicationSupportsIndirectInputEvents = YES;
				INFOPLIST_KEY_UILaunchScreen_Generation = YES;
				INFOPLIST_KEY_UISupportedInterfaceOrientations = UIInterfaceOrientationPortrait;
				INFOPLIST_KEY_UISupportedInterfaceOrientations_iPad = "UIInterfaceOrientationPortrait UIInterfaceOrientationPortraitUpsideDown UIInterfaceOrientationLandscapeLeft UIInterfaceOrientationLandscapeRight";
				INFOPLIST_KEY_UISupportedInterfaceOrientations_iPhone = "UIInterfaceOrientationPortrait UIInterfaceOrientationLandscapeLeft UIInterfaceOrientationLandscapeRight";
				LD_RUNPATH_SEARCH_PATHS = (
					"$(inherited)",
					"@executable_path/Frameworks",
				);
				MARKETING_VERSION = 1.0;
				PRODUCT_BUNDLE_IDENTIFIER = com.matheusevangelista.VenturaHR;
				PRODUCT_NAME = "$(TARGET_NAME)";
				SWIFT_EMIT_LOC_STRINGS = YES;
				SWIFT_VERSION = 5.0;
				TARGETED_DEVICE_FAMILY = "1,2";
			};
			name = Release;
		};
/* End XCBuildConfiguration section */

/* Begin XCConfigurationList section */
		6D8DED9627E6C5690062920E /* Build configuration list for PBXProject "VenturaHR" */ = {
			isa = XCConfigurationList;
			buildConfigurations = (
				6D8DEDA727E6C56D0062920E /* Debug */,
				6D8DEDA827E6C56D0062920E /* Release */,
			);
			defaultConfigurationIsVisible = 0;
			defaultConfigurationName = Release;
		};
		6D8DEDA927E6C56D0062920E /* Build configuration list for PBXNativeTarget "VenturaHR" */ = {
			isa = XCConfigurationList;
			buildConfigurations = (
				6D8DEDAA27E6C56D0062920E /* Debug */,
				6D8DEDAB27E6C56D0062920E /* Release */,
			);
			defaultConfigurationIsVisible = 0;
			defaultConfigurationName = Release;
		};
/* End XCConfigurationList section */
	};
	rootObject = 6D8DED9327E6C5690062920E /* Project object */;
}
